
Microsoft Visual Studio Solution File, Format Version 12.00
# Visual Studio Version 17
VisualStudioVersion = 17.6.33815.320
MinimumVisualStudioVersion = 10.0.40219.1
Project("{FAE04EC0-301F-11D3-BF4B-00C04F79EFBC}") = "H1_Extra_RockPaperScissors", "H1_Extra_RockPaperScissors\H1_Extra_RockPaperScissors.csproj", "{84BBC6CB-24A7-4689-B565-7C55CBCA3B36}"
EndProject
Global
	GlobalSection(SolutionConfigurationPlatforms) = preSolution
		Debug|Any CPU = Debug|Any CPU
		Release|Any CPU = Release|Any CPU
	EndGlobalSection
	GlobalSection(ProjectConfigurationPlatforms) = postSolution
		{84BBC6CB-24A7-4689-B565-7C55CBCA3B36}.Debug|Any CPU.ActiveCfg = Debug|Any CPU
		{84BBC6CB-24A7-4689-B565-7C55CBCA3B36}.Debug|Any CPU.Build.0 = Debug|Any CPU
		{84BBC6CB-24A7-4689-B565-7C55CBCA3B36}.Release|Any CPU.ActiveCfg = Release|Any CPU
		{84BBC6CB-24A7-4689-B565-7C55CBCA3B36}.Release|Any CPU.Build.0 = Release|Any CPU
	EndGlobalSection
	GlobalSection(SolutionProperties) = preSolution
		HideSolutionNode = FALSE
	EndGlobalSection
	GlobalSection(ExtensibilityGlobals) = postSolution
		SolutionGuid = {9A431FA1-D83E-421A-A5AF-88C74005EEFB}
	EndGlobalSection
EndGlobal
